{
  "version": 4,
  "terraform_version": "1.2.7",
  "serial": 60,
  "lineage": "999d83fd-ac57-8cf8-4ca2-882b236c5162",
  "outputs": {},
  "resources": [
    {
      "mode": "data",
      "type": "aws_db_instance",
      "name": "database",
      "provider": "provider[\"registry.terraform.io/hashicorp/aws\"]",
      "instances": [
        {
          "schema_version": 0,
          "attributes": {
            "address": "mytestdb-instance-1.cmece1qm5h6s.us-west-2.rds.amazonaws.com",
            "allocated_storage": 1,
            "auto_minor_version_upgrade": true,
            "availability_zone": "us-west-2c",
            "backup_retention_period": 1,
            "ca_cert_identifier": "rds-ca-2019",
            "db_cluster_identifier": "mytestdb",
            "db_instance_arn": "arn:aws:rds:us-west-2:574696195418:db:mytestdb-instance-1",
            "db_instance_class": "db.r6g.large",
            "db_instance_identifier": "mytestdb-instance-1",
            "db_instance_port": 0,
            "db_name": "",
            "db_parameter_groups": [
              "default.aurora-mysql5.7"
            ],
            "db_security_groups": [],
            "db_subnet_group": "default-vpc-0fffe64c1eb69155f",
            "enabled_cloudwatch_logs_exports": [],
            "endpoint": "mytestdb-instance-1.cmece1qm5h6s.us-west-2.rds.amazonaws.com:3306",
            "engine": "aurora-mysql",
            "engine_version": "5.7.mysql_aurora.2.10.2",
            "hosted_zone_id": "Z1PVIF0B656C1W",
            "id": "mytestdb-instance-1",
            "iops": 0,
            "kms_key_id": "arn:aws:kms:us-west-2:574696195418:key/80433353-3a11-482d-a408-0e49df1bca4e",
            "license_model": "general-public-license",
            "master_username": "admin",
            "monitoring_interval": 60,
            "monitoring_role_arn": "arn:aws:iam::574696195418:role/rds-monitoring-role",
            "multi_az": false,
            "option_group_memberships": [
              "default:aurora-mysql-5-7"
            ],
            "port": 3306,
            "preferred_backup_window": "09:38-10:08",
            "preferred_maintenance_window": "fri:08:52-fri:09:22",
            "publicly_accessible": false,
            "replicate_source_db": "",
            "resource_id": "db-XV4OMZ2O3DIKNRAGYG6XTK3SDE",
            "storage_encrypted": true,
            "storage_type": "aurora",
            "tags": {
              "devops-guru-default": "mytestdb"
            },
            "timezone": "",
            "vpc_security_groups": [
              "sg-0a8d468f645802b86"
            ]
          },
          "sensitive_attributes": []
        }
      ]
    },
    {
      "mode": "data",
      "type": "aws_ebs_volume",
      "name": "ebs_volume",
      "provider": "provider[\"registry.terraform.io/hashicorp/aws\"]",
      "instances": [
        {
          "schema_version": 0,
          "attributes": {
            "arn": "arn:aws:ec2:us-west-2:574696195418:volume/vol-03a2af7f53868512a",
            "availability_zone": "us-west-2a",
            "encrypted": false,
            "filter": [
              {
                "name": "tag:Name",
                "values": [
                  "Example"
                ]
              },
              {
                "name": "volume-type",
                "values": [
                  "gp2"
                ]
              }
            ],
            "id": "vol-03a2af7f53868512a",
            "iops": 100,
            "kms_key_id": "",
            "most_recent": true,
            "multi_attach_enabled": false,
            "outpost_arn": "",
            "size": 1,
            "snapshot_id": "",
            "tags": {
              "Name": "Example"
            },
            "throughput": 0,
            "timeouts": null,
            "volume_id": "vol-03a2af7f53868512a",
            "volume_type": "gp2"
          },
          "sensitive_attributes": []
        }
      ]
    },
    {
      "mode": "data",
      "type": "aws_iam_role",
      "name": "BackupRole",
      "provider": "provider[\"registry.terraform.io/hashicorp/aws\"]",
      "instances": [
        {
          "schema_version": 0,
          "attributes": {
            "arn": "arn:aws:iam::574696195418:role/Role_for_AWS_Backup",
            "assume_role_policy": "{\"Version\":\"2012-10-17\",\"Statement\":[{\"Effect\":\"Allow\",\"Principal\":{\"Service\":\"ec2.amazonaws.com\"},\"Action\":\"sts:AssumeRole\"}]}",
            "create_date": "2022-08-18T05:51:08Z",
            "description": "Allows EC2 instances to call AWS services on your behalf.",
            "id": "Role_for_AWS_Backup",
            "max_session_duration": 3600,
            "name": "Role_for_AWS_Backup",
            "path": "/",
            "permissions_boundary": "",
            "tags": {},
            "unique_id": "AROAYLTUQAVNFCPKDDNXM"
          },
          "sensitive_attributes": []
        }
      ]
    },
    {
      "mode": "data",
      "type": "aws_instance",
      "name": "EC2InstanceForBackup",
      "provider": "provider[\"registry.terraform.io/hashicorp/aws\"]",
      "instances": [
        {
          "schema_version": 0,
          "attributes": {
            "ami": "ami-0cea098ed2ac54925",
            "arn": "arn:aws:ec2:us-west-2:574696195418:instance/i-0c68929dcd96f2405",
            "associate_public_ip_address": true,
            "availability_zone": "us-west-2c",
            "credit_specification": [
              {
                "cpu_credits": "standard"
              }
            ],
            "disable_api_stop": false,
            "disable_api_termination": false,
            "ebs_block_device": [],
            "ebs_optimized": false,
            "enclave_options": [
              {
                "enabled": false
              }
            ],
            "ephemeral_block_device": [],
            "filter": null,
            "get_password_data": false,
            "get_user_data": false,
            "host_id": null,
            "iam_instance_profile": "",
            "id": "i-0c68929dcd96f2405",
            "instance_id": "i-0c68929dcd96f2405",
            "instance_state": "running",
            "instance_tags": null,
            "instance_type": "t2.micro",
            "ipv6_addresses": [],
            "key_name": "",
            "maintenance_options": [
              {
                "auto_recovery": "default"
              }
            ],
            "metadata_options": [
              {
                "http_endpoint": "enabled",
                "http_put_response_hop_limit": 1,
                "http_tokens": "optional",
                "instance_metadata_tags": "disabled"
              }
            ],
            "monitoring": false,
            "network_interface_id": "eni-0f68c284ca0c678d7",
            "outpost_arn": "",
            "password_data": null,
            "placement_group": "",
            "placement_partition_number": null,
            "private_dns": "ip-172-31-6-82.us-west-2.compute.internal",
            "private_dns_name_options": [
              {
                "enable_resource_name_dns_a_record": false,
                "enable_resource_name_dns_aaaa_record": false,
                "hostname_type": "ip-name"
              }
            ],
            "private_ip": "172.31.6.82",
            "public_dns": "ec2-54-184-186-87.us-west-2.compute.amazonaws.com",
            "public_ip": "54.184.186.87",
            "root_block_device": [
              {
                "delete_on_termination": true,
                "device_name": "/dev/xvda",
                "encrypted": false,
                "iops": 100,
                "kms_key_id": "",
                "tags": {},
                "throughput": 0,
                "volume_id": "vol-0c793b129c9002a1f",
                "volume_size": 8,
                "volume_type": "gp2"
              }
            ],
            "secondary_private_ips": [],
            "security_groups": [
              "launch-wizard-3"
            ],
            "source_dest_check": true,
            "subnet_id": "subnet-09b092ce908ec8780",
            "tags": {
              "Name": "mytestserver",
              "foo": "bar"
            },
            "tenancy": "default",
            "timeouts": null,
            "user_data": null,
            "user_data_base64": null,
            "vpc_security_group_ids": [
              "sg-0051651d34ee24fa4"
            ]
          },
          "sensitive_attributes": []
        }
      ]
    },
    {
      "mode": "managed",
      "type": "aws_ami_from_instance",
      "name": "CreateAMIFromEC2Instance",
      "provider": "provider[\"registry.terraform.io/hashicorp/aws\"]",
      "instances": [
        {
          "schema_version": 0,
          "attributes": {
            "architecture": "x86_64",
            "arn": "arn:aws:ec2:us-west-2::image/ami-0dc800249d4c589a8",
            "boot_mode": "",
            "deprecation_time": "",
            "description": "",
            "ebs_block_device": [
              {
                "delete_on_termination": true,
                "device_name": "/dev/xvda",
                "encrypted": false,
                "iops": 0,
                "outpost_arn": "",
                "snapshot_id": "snap-038e14d50d4e6111a",
                "throughput": 0,
                "volume_size": 8,
                "volume_type": "gp2"
              }
            ],
            "ena_support": true,
            "ephemeral_block_device": [],
            "hypervisor": "xen",
            "id": "ami-0dc800249d4c589a8",
            "image_location": "574696195418/CreateAMIFromEC2Instance",
            "image_owner_alias": "",
            "image_type": "machine",
            "kernel_id": "",
            "manage_ebs_snapshots": true,
            "name": "CreateAMIFromEC2Instance",
            "owner_id": "574696195418",
            "platform": "",
            "platform_details": "Linux/UNIX",
            "public": false,
            "ramdisk_id": "",
            "root_device_name": "/dev/xvda",
            "root_snapshot_id": "snap-038e14d50d4e6111a",
            "snapshot_without_reboot": false,
            "source_instance_id": "i-0c68929dcd96f2405",
            "sriov_net_support": "simple",
            "tags": {
              "key": "value"
            },
            "tags_all": {
              "key": "value"
            },
            "timeouts": null,
            "tpm_support": "",
            "usage_operation": "RunInstances",
            "virtualization_type": "hvm"
          },
          "sensitive_attributes": [],
          "private": "eyJlMmJmYjczMC1lY2FhLTExZTYtOGY4OC0zNDM2M2JjN2M0YzAiOnsiY3JlYXRlIjoyNDAwMDAwMDAwMDAwLCJkZWxldGUiOjU0MDAwMDAwMDAwMDAsInVwZGF0ZSI6MjQwMDAwMDAwMDAwMH19"
        }
      ]
    },
    {
      "mode": "managed",
      "type": "aws_backup_plan",
      "name": "EC2BackupPlan",
      "provider": "provider[\"registry.terraform.io/hashicorp/aws\"]",
      "instances": [
        {
          "schema_version": 0,
          "attributes": {
            "advanced_backup_setting": [],
            "arn": "arn:aws:backup:us-west-2:574696195418:backup-plan:e166fdee-486a-4d41-aa6f-159c0ee9da2d",
            "id": "e166fdee-486a-4d41-aa6f-159c0ee9da2d",
            "name": "Daily_EC2_Backup_Plan",
            "rule": [
              {
                "completion_window": 180,
                "copy_action": [],
                "enable_continuous_backup": false,
                "lifecycle": [],
                "recovery_point_tags": {},
                "rule_name": "DailyBackup",
                "schedule": "cron(0 12 * * ? *)",
                "start_window": 60,
                "target_vault_name": "EC2_Daily_Backup_Vault"
              },
              {
                "completion_window": 180,
                "copy_action": [],
                "enable_continuous_backup": false,
                "lifecycle": [],
                "recovery_point_tags": {},
                "rule_name": "MonthlyBackup",
                "schedule": "cron(0 12 1 * ? *)",
                "start_window": 60,
                "target_vault_name": "EC2_Monthly_Backup_Vault"
              }
            ],
            "tags": {},
            "tags_all": {},
            "version": "YTgwMTMxZmYtMWIzOS00MDdmLTk1OTYtZmExZDlmZDViYjY5"
          },
          "sensitive_attributes": [],
          "private": "bnVsbA==",
          "dependencies": [
            "aws_backup_vault.EC2DailyBackupVault",
            "aws_backup_vault.EC2MonthlyBackupVault"
          ]
        }
      ]
    },
    {
      "mode": "managed",
      "type": "aws_backup_vault",
      "name": "EC2DailyBackupVault",
      "provider": "provider[\"registry.terraform.io/hashicorp/aws\"]",
      "instances": [
        {
          "schema_version": 0,
          "attributes": {
            "arn": "arn:aws:backup:us-west-2:574696195418:backup-vault:EC2_Daily_Backup_Vault",
            "force_destroy": false,
            "id": "EC2_Daily_Backup_Vault",
            "kms_key_arn": "arn:aws:kms:us-west-2:574696195418:key/8c40325d-18d7-4d11-842c-3d10cb4e733b",
            "name": "EC2_Daily_Backup_Vault",
            "recovery_points": 0,
            "tags": {
              "key": "value"
            },
            "tags_all": {
              "key": "value"
            },
            "timeouts": null
          },
          "sensitive_attributes": [],
          "private": "eyJlMmJmYjczMC1lY2FhLTExZTYtOGY4OC0zNDM2M2JjN2M0YzAiOnsiZGVsZXRlIjo2MDAwMDAwMDAwMDB9fQ=="
        }
      ]
    },
    {
      "mode": "managed",
      "type": "aws_backup_vault",
      "name": "EC2MonthlyBackupVault",
      "provider": "provider[\"registry.terraform.io/hashicorp/aws\"]",
      "instances": [
        {
          "schema_version": 0,
          "attributes": {
            "arn": "arn:aws:backup:us-west-2:574696195418:backup-vault:EC2_Monthly_Backup_Vault",
            "force_destroy": false,
            "id": "EC2_Monthly_Backup_Vault",
            "kms_key_arn": "arn:aws:kms:us-west-2:574696195418:key/8c40325d-18d7-4d11-842c-3d10cb4e733b",
            "name": "EC2_Monthly_Backup_Vault",
            "recovery_points": 0,
            "tags": {
              "key": "value"
            },
            "tags_all": {
              "key": "value"
            },
            "timeouts": null
          },
          "sensitive_attributes": [],
          "private": "eyJlMmJmYjczMC1lY2FhLTExZTYtOGY4OC0zNDM2M2JjN2M0YzAiOnsiZGVsZXRlIjo2MDAwMDAwMDAwMDB9fQ=="
        }
      ]
    },
    {
      "mode": "managed",
      "type": "aws_ebs_snapshot",
      "name": "CreateSnapshotForEBSVolume",
      "provider": "provider[\"registry.terraform.io/hashicorp/aws\"]",
      "instances": [
        {
          "schema_version": 0,
          "attributes": {
            "arn": "arn:aws:ec2:us-west-2::snapshot/snap-0942f0a43bd8e4144",
            "data_encryption_key_id": "",
            "description": "Created Snapshot from vol-03a2af7f53868512a",
            "encrypted": false,
            "id": "snap-0942f0a43bd8e4144",
            "kms_key_id": "",
            "outpost_arn": "",
            "owner_alias": "",
            "owner_id": "574696195418",
            "permanent_restore": null,
            "storage_tier": "standard",
            "tags": {
              "Name": "Example"
            },
            "tags_all": {
              "Name": "Example"
            },
            "temporary_restore_days": null,
            "timeouts": null,
            "volume_id": "vol-03a2af7f53868512a",
            "volume_size": 1
          },
          "sensitive_attributes": [],
          "private": "eyJlMmJmYjczMC1lY2FhLTExZTYtOGY4OC0zNDM2M2JjN2M0YzAiOnsiY3JlYXRlIjo2MDAwMDAwMDAwMDAsImRlbGV0ZSI6NjAwMDAwMDAwMDAwfX0=",
          "dependencies": [
            "data.aws_ebs_volume.ebs_volume"
          ]
        }
      ]
    }
  ]
}
